
Microsoft Visual Studio Solution File, Format Version 12.00
# Visual Studio Version 16
VisualStudioVersion = 16.0.30204.135
MinimumVisualStudioVersion = 10.0.40219.1
Project("{9A19103F-16F7-4668-BE54-9A1E7A4F7556}") = "Bot.Mega", "Bot.Mega\Bot.Mega.csproj", "{930FC171-2194-4AC7-9739-960EEA901544}"
EndProject
Project("{FAE04EC0-301F-11D3-BF4B-00C04F79EFBC}") = "Bot.MegaSena.JSON", "Bot.MegaSena.JSON\Bot.MegaSena.JSON.csproj", "{84854F80-3078-41FB-ABC1-884FF6C3F30E}"
EndProject
Project("{FAE04EC0-301F-11D3-BF4B-00C04F79EFBC}") = "Bot.Instagram.Profile", "Bot.Instagram.Profile\Bot.Instagram.Profile.csproj", "{5BABF882-A7DD-4B97-9CF3-0551A1C3A27A}"
EndProject
Project("{FAE04EC0-301F-11D3-BF4B-00C04F79EFBC}") = "Bot.Instagram.Selenium", "Bot.Instagram.Selenium\Bot.Instagram.Selenium.csproj", "{E2FF611B-EEA3-4FC7-8788-C892ADA627B4}"
EndProject
Project("{FAE04EC0-301F-11D3-BF4B-00C04F79EFBC}") = "Bot.Youtube.View", "Bot.Youtube.View\Bot.Youtube.View.csproj", "{7B1FC3E7-9A4B-4BFF-8FE1-8230D9A36BFE}"
EndProject
Global
	GlobalSection(SolutionConfigurationPlatforms) = preSolution
		Debug|Any CPU = Debug|Any CPU
		Release|Any CPU = Release|Any CPU
	EndGlobalSection
	GlobalSection(ProjectConfigurationPlatforms) = postSolution
		{930FC171-2194-4AC7-9739-960EEA901544}.Debug|Any CPU.ActiveCfg = Debug|Any CPU
		{930FC171-2194-4AC7-9739-960EEA901544}.Debug|Any CPU.Build.0 = Debug|Any CPU
		{930FC171-2194-4AC7-9739-960EEA901544}.Release|Any CPU.ActiveCfg = Release|Any CPU
		{930FC171-2194-4AC7-9739-960EEA901544}.Release|Any CPU.Build.0 = Release|Any CPU
		{84854F80-3078-41FB-ABC1-884FF6C3F30E}.Debug|Any CPU.ActiveCfg = Debug|Any CPU
		{84854F80-3078-41FB-ABC1-884FF6C3F30E}.Debug|Any CPU.Build.0 = Debug|Any CPU
		{84854F80-3078-41FB-ABC1-884FF6C3F30E}.Release|Any CPU.ActiveCfg = Release|Any CPU
		{84854F80-3078-41FB-ABC1-884FF6C3F30E}.Release|Any CPU.Build.0 = Release|Any CPU
		{5BABF882-A7DD-4B97-9CF3-0551A1C3A27A}.Debug|Any CPU.ActiveCfg = Debug|Any CPU
		{5BABF882-A7DD-4B97-9CF3-0551A1C3A27A}.Debug|Any CPU.Build.0 = Debug|Any CPU
		{5BABF882-A7DD-4B97-9CF3-0551A1C3A27A}.Release|Any CPU.ActiveCfg = Release|Any CPU
		{5BABF882-A7DD-4B97-9CF3-0551A1C3A27A}.Release|Any CPU.Build.0 = Release|Any CPU
		{E2FF611B-EEA3-4FC7-8788-C892ADA627B4}.Debug|Any CPU.ActiveCfg = Debug|Any CPU
		{E2FF611B-EEA3-4FC7-8788-C892ADA627B4}.Debug|Any CPU.Build.0 = Debug|Any CPU
		{E2FF611B-EEA3-4FC7-8788-C892ADA627B4}.Release|Any CPU.ActiveCfg = Release|Any CPU
		{E2FF611B-EEA3-4FC7-8788-C892ADA627B4}.Release|Any CPU.Build.0 = Release|Any CPU
		{7B1FC3E7-9A4B-4BFF-8FE1-8230D9A36BFE}.Debug|Any CPU.ActiveCfg = Debug|Any CPU
		{7B1FC3E7-9A4B-4BFF-8FE1-8230D9A36BFE}.Debug|Any CPU.Build.0 = Debug|Any CPU
		{7B1FC3E7-9A4B-4BFF-8FE1-8230D9A36BFE}.Release|Any CPU.ActiveCfg = Release|Any CPU
		{7B1FC3E7-9A4B-4BFF-8FE1-8230D9A36BFE}.Release|Any CPU.Build.0 = Release|Any CPU
	EndGlobalSection
	GlobalSection(SolutionProperties) = preSolution
		HideSolutionNode = FALSE
	EndGlobalSection
	GlobalSection(ExtensibilityGlobals) = postSolution
		SolutionGuid = {E15ACF8C-CD1E-4A5F-819E-3BFC6072C1FC}
	EndGlobalSection
EndGlobal
